
Microsoft Visual Studio Solution File, Format Version 12.00
# Visual Studio Version 17
VisualStudioVersion = 17.14.36705.20
MinimumVisualStudioVersion = 10.0.40219.1
Project("{FAE04EC0-301F-11D3-BF4B-00C04F79EFBC}") = "Server", "Server\Server.csproj", "{9278FDAC-A0B3-40BA-B48E-51FCEBB8A50A}"
EndProject
Project("{FAE04EC0-301F-11D3-BF4B-00C04F79EFBC}") = "Client", "Client\Client.csproj", "{16FE707C-9ADA-43B4-BCE2-BA647C27169B}"
EndProject
Project("{FAE04EC0-301F-11D3-BF4B-00C04F79EFBC}") = "Tests", "Tests\Tests.csproj", "{D972804E-FD76-44A0-B089-386209EF3420}"
EndProject
Global
	GlobalSection(SolutionConfigurationPlatforms) = preSolution
		Debug|Any CPU = Debug|Any CPU
		Release|Any CPU = Release|Any CPU
	EndGlobalSection
	GlobalSection(ProjectConfigurationPlatforms) = postSolution
		{9278FDAC-A0B3-40BA-B48E-51FCEBB8A50A}.Debug|Any CPU.ActiveCfg = Debug|Any CPU
		{9278FDAC-A0B3-40BA-B48E-51FCEBB8A50A}.Debug|Any CPU.Build.0 = Debug|Any CPU
		{9278FDAC-A0B3-40BA-B48E-51FCEBB8A50A}.Release|Any CPU.ActiveCfg = Release|Any CPU
		{9278FDAC-A0B3-40BA-B48E-51FCEBB8A50A}.Release|Any CPU.Build.0 = Release|Any CPU
		{16FE707C-9ADA-43B4-BCE2-BA647C27169B}.Debug|Any CPU.ActiveCfg = Debug|Any CPU
		{16FE707C-9ADA-43B4-BCE2-BA647C27169B}.Debug|Any CPU.Build.0 = Debug|Any CPU
		{16FE707C-9ADA-43B4-BCE2-BA647C27169B}.Release|Any CPU.ActiveCfg = Release|Any CPU
		{16FE707C-9ADA-43B4-BCE2-BA647C27169B}.Release|Any CPU.Build.0 = Release|Any CPU
		{D972804E-FD76-44A0-B089-386209EF3420}.Debug|Any CPU.ActiveCfg = Debug|Any CPU
		{D972804E-FD76-44A0-B089-386209EF3420}.Debug|Any CPU.Build.0 = Debug|Any CPU
		{D972804E-FD76-44A0-B089-386209EF3420}.Release|Any CPU.ActiveCfg = Release|Any CPU
		{D972804E-FD76-44A0-B089-386209EF3420}.Release|Any CPU.Build.0 = Release|Any CPU
	EndGlobalSection
	GlobalSection(SolutionProperties) = preSolution
		HideSolutionNode = FALSE
	EndGlobalSection
	GlobalSection(ExtensibilityGlobals) = postSolution
		SolutionGuid = {2AA9010B-FF5D-434E-995E-D8CA0F09EBB6}
	EndGlobalSection
EndGlobal
